// !$*UTF8*$!
{
	archiveVersion = 1;
	classes = {
	};
	objectVersion = 55;
	objects = {

/* Begin PBXBuildFile section */
		6338FDE828902F1A00A8706B /* TitleSupplementaryView.swift in Sources */ = {isa = PBXBuildFile; fileRef = 6338FDE728902F1A00A8706B /* TitleSupplementaryView.swift */; };
		63750EC3288D727600AA8958 /* ItemCell.swift in Sources */ = {isa = PBXBuildFile; fileRef = 63750EC2288D727600AA8958 /* ItemCell.swift */; };
		63D2402D288AA75D00BB28DA /* Item+CoreDataClass.swift in Sources */ = {isa = PBXBuildFile; fileRef = 63D2402B288AA75D00BB28DA /* Item+CoreDataClass.swift */; };
		63D2402E288AA75D00BB28DA /* Item+CoreDataProperties.swift in Sources */ = {isa = PBXBuildFile; fileRef = 63D2402C288AA75D00BB28DA /* Item+CoreDataProperties.swift */; };
		63D3F75E288A854600CF3F1B /* AppDelegate.swift in Sources */ = {isa = PBXBuildFile; fileRef = 63D3F75D288A854600CF3F1B /* AppDelegate.swift */; };
		63D3F760288A854600CF3F1B /* SceneDelegate.swift in Sources */ = {isa = PBXBuildFile; fileRef = 63D3F75F288A854600CF3F1B /* SceneDelegate.swift */; };
		63D3F762288A854600CF3F1B /* MainViewController.swift in Sources */ = {isa = PBXBuildFile; fileRef = 63D3F761288A854600CF3F1B /* MainViewController.swift */; };
		63D3F765288A854600CF3F1B /* Main.storyboard in Resources */ = {isa = PBXBuildFile; fileRef = 63D3F763288A854600CF3F1B /* Main.storyboard */; };
		63D3F768288A854600CF3F1B /* RequiLi.xcdatamodeld in Sources */ = {isa = PBXBuildFile; fileRef = 63D3F766288A854600CF3F1B /* RequiLi.xcdatamodeld */; };
		63D3F76A288A854700CF3F1B /* Assets.xcassets in Resources */ = {isa = PBXBuildFile; fileRef = 63D3F769288A854700CF3F1B /* Assets.xcassets */; };
		63D3F76D288A854700CF3F1B /* LaunchScreen.storyboard in Resources */ = {isa = PBXBuildFile; fileRef = 63D3F76B288A854700CF3F1B /* LaunchScreen.storyboard */; };
		63F0CE16288AB21700DE13A8 /* PurchasedThingsModel+CoreDataClass.swift in Sources */ = {isa = PBXBuildFile; fileRef = 63F0CE14288AB21700DE13A8 /* PurchasedThingsModel+CoreDataClass.swift */; };
		63F0CE17288AB21700DE13A8 /* PurchasedThingsModel+CoreDataProperties.swift in Sources */ = {isa = PBXBuildFile; fileRef = 63F0CE15288AB21700DE13A8 /* PurchasedThingsModel+CoreDataProperties.swift */; };
		63F0CE1A288AD1A100DE13A8 /* AddNewItemViewController.swift in Sources */ = {isa = PBXBuildFile; fileRef = 63F0CE19288AD1A100DE13A8 /* AddNewItemViewController.swift */; };
/* End PBXBuildFile section */

/* Begin PBXFileReference section */
		6338FDE728902F1A00A8706B /* TitleSupplementaryView.swift */ = {isa = PBXFileReference; lastKnownFileType = sourcecode.swift; path = TitleSupplementaryView.swift; sourceTree = "<group>"; };
		63750EC2288D727600AA8958 /* ItemCell.swift */ = {isa = PBXFileReference; lastKnownFileType = sourcecode.swift; path = ItemCell.swift; sourceTree = "<group>"; };
		63D2402B288AA75D00BB28DA /* Item+CoreDataClass.swift */ = {isa = PBXFileReference; lastKnownFileType = sourcecode.swift; path = "Item+CoreDataClass.swift"; sourceTree = "<group>"; };
		63D2402C288AA75D00BB28DA /* Item+CoreDataProperties.swift */ = {isa = PBXFileReference; lastKnownFileType = sourcecode.swift; path = "Item+CoreDataProperties.swift"; sourceTree = "<group>"; };
		63D3F75A288A854600CF3F1B /* RequiLi.app */ = {isa = PBXFileReference; explicitFileType = wrapper.application; includeInIndex = 0; path = RequiLi.app; sourceTree = BUILT_PRODUCTS_DIR; };
		63D3F75D288A854600CF3F1B /* AppDelegate.swift */ = {isa = PBXFileReference; lastKnownFileType = sourcecode.swift; path = AppDelegate.swift; sourceTree = "<group>"; };
		63D3F75F288A854600CF3F1B /* SceneDelegate.swift */ = {isa = PBXFileReference; lastKnownFileType = sourcecode.swift; path = SceneDelegate.swift; sourceTree = "<group>"; };
		63D3F761288A854600CF3F1B /* MainViewController.swift */ = {isa = PBXFileReference; lastKnownFileType = sourcecode.swift; path = MainViewController.swift; sourceTree = "<group>"; };
		63D3F764288A854600CF3F1B /* Base */ = {isa = PBXFileReference; lastKnownFileType = file.storyboard; name = Base; path = Base.lproj/Main.storyboard; sourceTree = "<group>"; };
		63D3F767288A854600CF3F1B /* RequiLi.xcdatamodel */ = {isa = PBXFileReference; explicitFileType = wrapper.xcdatamodel; path = RequiLi.xcdatamodel; sourceTree = "<group>"; };
		63D3F769288A854700CF3F1B /* Assets.xcassets */ = {isa = PBXFileReference; lastKnownFileType = folder.assetcatalog; path = Assets.xcassets; sourceTree = "<group>"; };
		63D3F76C288A854700CF3F1B /* Base */ = {isa = PBXFileReference; lastKnownFileType = file.storyboard; name = Base; path = Base.lproj/LaunchScreen.storyboard; sourceTree = "<group>"; };
		63D3F76E288A854700CF3F1B /* Info.plist */ = {isa = PBXFileReference; lastKnownFileType = text.plist.xml; path = Info.plist; sourceTree = "<group>"; };
		63F0CE14288AB21700DE13A8 /* PurchasedThingsModel+CoreDataClass.swift */ = {isa = PBXFileReference; lastKnownFileType = sourcecode.swift; path = "PurchasedThingsModel+CoreDataClass.swift"; sourceTree = "<group>"; };
		63F0CE15288AB21700DE13A8 /* PurchasedThingsModel+CoreDataProperties.swift */ = {isa = PBXFileReference; lastKnownFileType = sourcecode.swift; path = "PurchasedThingsModel+CoreDataProperties.swift"; sourceTree = "<group>"; };
		63F0CE19288AD1A100DE13A8 /* AddNewItemViewController.swift */ = {isa = PBXFileReference; lastKnownFileType = sourcecode.swift; name = AddNewItemViewController.swift; path = RequiLi/AddNewItemViewController.swift; sourceTree = SOURCE_ROOT; };
/* End PBXFileReference section */

/* Begin PBXFrameworksBuildPhase section */
		63D3F757288A854600CF3F1B /* Frameworks */ = {
			isa = PBXFrameworksBuildPhase;
			buildActionMask = 2147483647;
			files = (
			);
			runOnlyForDeploymentPostprocessing = 0;
		};
/* End PBXFrameworksBuildPhase section */

/* Begin PBXGroup section */
		63750EC1288D725600AA8958 /* View */ = {
			isa = PBXGroup;
			children = (
				63750EC2288D727600AA8958 /* ItemCell.swift */,
				6338FDE728902F1A00A8706B /* TitleSupplementaryView.swift */,
			);
			path = View;
			sourceTree = "<group>";
		};
		63D2402F288AA76400BB28DA /* Model */ = {
			isa = PBXGroup;
			children = (
				63F0CE14288AB21700DE13A8 /* PurchasedThingsModel+CoreDataClass.swift */,
				63F0CE15288AB21700DE13A8 /* PurchasedThingsModel+CoreDataProperties.swift */,
				63D2402B288AA75D00BB28DA /* Item+CoreDataClass.swift */,
				63D2402C288AA75D00BB28DA /* Item+CoreDataProperties.swift */,
			);
			path = Model;
			sourceTree = "<group>";
		};
		63D3F751288A854600CF3F1B = {
			isa = PBXGroup;
			children = (
				63D3F75C288A854600CF3F1B /* RequiLi */,
				63D3F75B288A854600CF3F1B /* Products */,
			);
			sourceTree = "<group>";
		};
		63D3F75B288A854600CF3F1B /* Products */ = {
			isa = PBXGroup;
			children = (
				63D3F75A288A854600CF3F1B /* RequiLi.app */,
			);
			name = Products;
			sourceTree = "<group>";
		};
		63D3F75C288A854600CF3F1B /* RequiLi */ = {
			isa = PBXGroup;
			children = (
				63750EC1288D725600AA8958 /* View */,
				63F0CE18288AB5AB00DE13A8 /* ViewController */,
				63D2402F288AA76400BB28DA /* Model */,
				63D3F75D288A854600CF3F1B /* AppDelegate.swift */,
				63D3F75F288A854600CF3F1B /* SceneDelegate.swift */,
				63D3F763288A854600CF3F1B /* Main.storyboard */,
				63D3F769288A854700CF3F1B /* Assets.xcassets */,
				63D3F76B288A854700CF3F1B /* LaunchScreen.storyboard */,
				63D3F76E288A854700CF3F1B /* Info.plist */,
				63D3F766288A854600CF3F1B /* RequiLi.xcdatamodeld */,
			);
			path = RequiLi;
			sourceTree = "<group>";
		};
		63F0CE18288AB5AB00DE13A8 /* ViewController */ = {
			isa = PBXGroup;
			children = (
				63F0CE19288AD1A100DE13A8 /* AddNewItemViewController.swift */,
				63D3F761288A854600CF3F1B /* MainViewController.swift */,
			);
			path = ViewController;
			sourceTree = "<group>";
		};
/* End PBXGroup section */

/* Begin PBXNativeTarget section */
		63D3F759288A854600CF3F1B /* RequiLi */ = {
			isa = PBXNativeTarget;
			buildConfigurationList = 63D3F771288A854700CF3F1B /* Build configuration list for PBXNativeTarget "RequiLi" */;
			buildPhases = (
				63D3F756288A854600CF3F1B /* Sources */,
				63D3F757288A854600CF3F1B /* Frameworks */,
				63D3F758288A854600CF3F1B /* Resources */,
			);
			buildRules = (
			);
			dependencies = (
			);
			name = RequiLi;
			productName = RequiLi;
			productReference = 63D3F75A288A854600CF3F1B /* RequiLi.app */;
			productType = "com.apple.product-type.application";
		};
/* End PBXNativeTarget section */

/* Begin PBXProject section */
		63D3F752288A854600CF3F1B /* Project object */ = {
			isa = PBXProject;
			attributes = {
				BuildIndependentTargetsInParallel = 1;
				LastSwiftUpdateCheck = 1340;
				LastUpgradeCheck = 1340;
				TargetAttributes = {
					63D3F759288A854600CF3F1B = {
						CreatedOnToolsVersion = 13.4.1;
					};
				};
			};
			buildConfigurationList = 63D3F755288A854600CF3F1B /* Build configuration list for PBXProject "RequiLi" */;
			compatibilityVersion = "Xcode 13.0";
			developmentRegion = en;
			hasScannedForEncodings = 0;
			knownRegions = (
				en,
				Base,
			);
			mainGroup = 63D3F751288A854600CF3F1B;
			productRefGroup = 63D3F75B288A854600CF3F1B /* Products */;
			projectDirPath = "";
			projectRoot = "";
			targets = (
				63D3F759288A854600CF3F1B /* RequiLi */,
			);
		};
/* End PBXProject section */

/* Begin PBXResourcesBuildPhase section */
		63D3F758288A854600CF3F1B /* Resources */ = {
			isa = PBXResourcesBuildPhase;
			buildActionMask = 2147483647;
			files = (
				63D3F76D288A854700CF3F1B /* LaunchScreen.storyboard in Resources */,
				63D3F76A288A854700CF3F1B /* Assets.xcassets in Resources */,
				63D3F765288A854600CF3F1B /* Main.storyboard in Resources */,
			);
			runOnlyForDeploymentPostprocessing = 0;
		};
/* End PBXResourcesBuildPhase section */

/* Begin PBXSourcesBuildPhase section */
		63D3F756288A854600CF3F1B /* Sources */ = {
			isa = PBXSourcesBuildPhase;
			buildActionMask = 2147483647;
			files = (
				63F0CE17288AB21700DE13A8 /* PurchasedThingsModel+CoreDataProperties.swift in Sources */,
				6338FDE828902F1A00A8706B /* TitleSupplementaryView.swift in Sources */,
				63D2402E288AA75D00BB28DA /* Item+CoreDataProperties.swift in Sources */,
				63D2402D288AA75D00BB28DA /* Item+CoreDataClass.swift in Sources */,
				63D3F762288A854600CF3F1B /* MainViewController.swift in Sources */,
				63750EC3288D727600AA8958 /* ItemCell.swift in Sources */,
				63F0CE16288AB21700DE13A8 /* PurchasedThingsModel+CoreDataClass.swift in Sources */,
				63F0CE1A288AD1A100DE13A8 /* AddNewItemViewController.swift in Sources */,
				63D3F75E288A854600CF3F1B /* AppDelegate.swift in Sources */,
				63D3F760288A854600CF3F1B /* SceneDelegate.swift in Sources */,
				63D3F768288A854600CF3F1B /* RequiLi.xcdatamodeld in Sources */,
			);
			runOnlyForDeploymentPostprocessing = 0;
		};
/* End PBXSourcesBuildPhase section */

/* Begin PBXVariantGroup section */
		63D3F763288A854600CF3F1B /* Main.storyboard */ = {
			isa = PBXVariantGroup;
			children = (
				63D3F764288A854600CF3F1B /* Base */,
			);
			name = Main.storyboard;
			sourceTree = "<group>";
		};
		63D3F76B288A854700CF3F1B /* LaunchScreen.storyboard */ = {
			isa = PBXVariantGroup;
			children = (
				63D3F76C288A854700CF3F1B /* Base */,
			);
			name = LaunchScreen.storyboard;
			sourceTree = "<group>";
		};
/* End PBXVariantGroup section */

/* Begin XCBuildConfiguration section */
		63D3F76F288A854700CF3F1B /* Debug */ = {
			isa = XCBuildConfiguration;
			buildSettings = {
				ALWAYS_SEARCH_USER_PATHS = NO;
				CLANG_ANALYZER_NONNULL = YES;
				CLANG_ANALYZER_NUMBER_OBJECT_CONVERSION = YES_AGGRESSIVE;
				CLANG_CXX_LANGUAGE_STANDARD = "gnu++17";
				CLANG_ENABLE_MODULES = YES;
				CLANG_ENABLE_OBJC_ARC = YES;
				CLANG_ENABLE_OBJC_WEAK = YES;
				CLANG_WARN_BLOCK_CAPTURE_AUTORELEASING = YES;
				CLANG_WARN_BOOL_CONVERSION = YES;
				CLANG_WARN_COMMA = YES;
				CLANG_WARN_CONSTANT_CONVERSION = YES;
				CLANG_WARN_DEPRECATED_OBJC_IMPLEMENTATIONS = YES;
				CLANG_WARN_DIRECT_OBJC_ISA_USAGE = YES_ERROR;
				CLANG_WARN_DOCUMENTATION_COMMENTS = YES;
				CLANG_WARN_EMPTY_BODY = YES;
				CLANG_WARN_ENUM_CONVERSION = YES;
				CLANG_WARN_INFINITE_RECURSION = YES;
				CLANG_WARN_INT_CONVERSION = YES;
				CLANG_WARN_NON_LITERAL_NULL_CONVERSION = YES;
				CLANG_WARN_OBJC_IMPLICIT_RETAIN_SELF = YES;
				CLANG_WARN_OBJC_LITERAL_CONVERSION = YES;
				CLANG_WARN_OBJC_ROOT_CLASS = YES_ERROR;
				CLANG_WARN_QUOTED_INCLUDE_IN_FRAMEWORK_HEADER = YES;
				CLANG_WARN_RANGE_LOOP_ANALYSIS = YES;
				CLANG_WARN_STRICT_PROTOTYPES = YES;
				CLANG_WARN_SUSPICIOUS_MOVE = YES;
				CLANG_WARN_UNGUARDED_AVAILABILITY = YES_AGGRESSIVE;
				CLANG_WARN_UNREACHABLE_CODE = YES;
				CLANG_WARN__DUPLICATE_METHOD_MATCH = YES;
				COPY_PHASE_STRIP = NO;
				DEBUG_INFORMATION_FORMAT = dwarf;
				ENABLE_STRICT_OBJC_MSGSEND = YES;
				ENABLE_TESTABILITY = YES;
				GCC_C_LANGUAGE_STANDARD = gnu11;
				GCC_DYNAMIC_NO_PIC = NO;
				GCC_NO_COMMON_BLOCKS = YES;
				GCC_OPTIMIZATION_LEVEL = 0;
				GCC_PREPROCESSOR_DEFINITIONS = (
					"DEBUG=1",
					"$(inherited)",
				);
				GCC_WARN_64_TO_32_BIT_CONVERSION = YES;
				GCC_WARN_ABOUT_RETURN_TYPE = YES_ERROR;
				GCC_WARN_UNDECLARED_SELECTOR = YES;
				GCC_WARN_UNINITIALIZED_AUTOS = YES_AGGRESSIVE;
				GCC_WARN_UNUSED_FUNCTION = YES;
				GCC_WARN_UNUSED_VARIABLE = YES;
				IPHONEOS_DEPLOYMENT_TARGET = 15.5;
				MTL_ENABLE_DEBUG_INFO = INCLUDE_SOURCE;
				MTL_FAST_MATH = YES;
				ONLY_ACTIVE_ARCH = YES;
				SDKROOT = iphoneos;
				SWIFT_ACTIVE_COMPILATION_CONDITIONS = DEBUG;
				SWIFT_OPTIMIZATION_LEVEL = "-Onone";
			};
			name = Debug;
		};
		63D3F770288A854700CF3F1B /* Release */ = {
			isa = XCBuildConfiguration;
			buildSettings = {
				ALWAYS_SEARCH_USER_PATHS = NO;
				CLANG_ANALYZER_NONNULL = YES;
				CLANG_ANALYZER_NUMBER_OBJECT_CONVERSION = YES_AGGRESSIVE;
				CLANG_CXX_LANGUAGE_STANDARD = "gnu++17";
				CLANG_ENABLE_MODULES = YES;
				CLANG_ENABLE_OBJC_ARC = YES;
				CLANG_ENABLE_OBJC_WEAK = YES;
				CLANG_WARN_BLOCK_CAPTURE_AUTORELEASING = YES;
				CLANG_WARN_BOOL_CONVERSION = YES;
				CLANG_WARN_COMMA = YES;
				CLANG_WARN_CONSTANT_CONVERSION = YES;
				CLANG_WARN_DEPRECATED_OBJC_IMPLEMENTATIONS = YES;
				CLANG_WARN_DIRECT_OBJC_ISA_USAGE = YES_ERROR;
				CLANG_WARN_DOCUMENTATION_COMMENTS = YES;
				CLANG_WARN_EMPTY_BODY = YES;
				CLANG_WARN_ENUM_CONVERSION = YES;
				CLANG_WARN_INFINITE_RECURSION = YES;
				CLANG_WARN_INT_CONVERSION = YES;
				CLANG_WARN_NON_LITERAL_NULL_CONVERSION = YES;
				CLANG_WARN_OBJC_IMPLICIT_RETAIN_SELF = YES;
				CLANG_WARN_OBJC_LITERAL_CONVERSION = YES;
				CLANG_WARN_OBJC_ROOT_CLASS = YES_ERROR;
				CLANG_WARN_QUOTED_INCLUDE_IN_FRAMEWORK_HEADER = YES;
				CLANG_WARN_RANGE_LOOP_ANALYSIS = YES;
				CLANG_WARN_STRICT_PROTOTYPES = YES;
				CLANG_WARN_SUSPICIOUS_MOVE = YES;
				CLANG_WARN_UNGUARDED_AVAILABILITY = YES_AGGRESSIVE;
				CLANG_WARN_UNREACHABLE_CODE = YES;
				CLANG_WARN__DUPLICATE_METHOD_MATCH = YES;
				COPY_PHASE_STRIP = NO;
				DEBUG_INFORMATION_FORMAT = "dwarf-with-dsym";
				ENABLE_NS_ASSERTIONS = NO;
				ENABLE_STRICT_OBJC_MSGSEND = YES;
				GCC_C_LANGUAGE_STANDARD = gnu11;
				GCC_NO_COMMON_BLOCKS = YES;
				GCC_WARN_64_TO_32_BIT_CONVERSION = YES;
				GCC_WARN_ABOUT_RETURN_TYPE = YES_ERROR;
				GCC_WARN_UNDECLARED_SELECTOR = YES;
				GCC_WARN_UNINITIALIZED_AUTOS = YES_AGGRESSIVE;
				GCC_WARN_UNUSED_FUNCTION = YES;
				GCC_WARN_UNUSED_VARIABLE = YES;
				IPHONEOS_DEPLOYMENT_TARGET = 15.5;
				MTL_ENABLE_DEBUG_INFO = NO;
				MTL_FAST_MATH = YES;
				SDKROOT = iphoneos;
				SWIFT_COMPILATION_MODE = wholemodule;
				SWIFT_OPTIMIZATION_LEVEL = "-O";
				VALIDATE_PRODUCT = YES;
			};
			name = Release;
		};
		63D3F772288A854700CF3F1B /* Debug */ = {
			isa = XCBuildConfiguration;
			buildSettings = {
				ASSETCATALOG_COMPILER_APPICON_NAME = AppIcon;
				ASSETCATALOG_COMPILER_GLOBAL_ACCENT_COLOR_NAME = AccentColor;
				CODE_SIGN_STYLE = Automatic;
				CURRENT_PROJECT_VERSION = 1;
				DEVELOPMENT_TEAM = DZKQDMND74;
				GENERATE_INFOPLIST_FILE = YES;
				INFOPLIST_FILE = RequiLi/Info.plist;
				INFOPLIST_KEY_UIApplicationSupportsIndirectInputEvents = YES;
				INFOPLIST_KEY_UILaunchStoryboardName = LaunchScreen;
				INFOPLIST_KEY_UIMainStoryboardFile = Main;
				INFOPLIST_KEY_UISupportedInterfaceOrientations_iPad = "UIInterfaceOrientationPortrait UIInterfaceOrientationPortraitUpsideDown UIInterfaceOrientationLandscapeLeft UIInterfaceOrientationLandscapeRight";
				INFOPLIST_KEY_UISupportedInterfaceOrientations_iPhone = "UIInterfaceOrientationPortrait UIInterfaceOrientationLandscapeLeft UIInterfaceOrientationLandscapeRight";
				LD_RUNPATH_SEARCH_PATHS = (
					"$(inherited)",
					"@executable_path/Frameworks",
				);
				MARKETING_VERSION = 1.0;
				PRODUCT_BUNDLE_IDENTIFIER = com.keskin.RequiLi;
				PRODUCT_NAME = "$(TARGET_NAME)";
				SWIFT_EMIT_LOC_STRINGS = YES;
				SWIFT_VERSION = 5.0;
				TARGETED_DEVICE_FAMILY = "1,2";
			};
			name = Debug;
		};
		63D3F773288A854700CF3F1B /* Release */ = {
			isa = XCBuildConfiguration;
			buildSettings = {
				ASSETCATALOG_COMPILER_APPICON_NAME = AppIcon;
				ASSETCATALOG_COMPILER_GLOBAL_ACCENT_COLOR_NAME = AccentColor;
				CODE_SIGN_STYLE = Automatic;
				CURRENT_PROJECT_VERSION = 1;
				DEVELOPMENT_TEAM = DZKQDMND74;
				GENERATE_INFOPLIST_FILE = YES;
				INFOPLIST_FILE = RequiLi/Info.plist;
				INFOPLIST_KEY_UIApplicationSupportsIndirectInputEvents = YES;
				INFOPLIST_KEY_UILaunchStoryboardName = LaunchScreen;
				INFOPLIST_KEY_UIMainStoryboardFile = Main;
				INFOPLIST_KEY_UISupportedInterfaceOrientations_iPad = "UIInterfaceOrientationPortrait UIInterfaceOrientationPortraitUpsideDown UIInterfaceOrientationLandscapeLeft UIInterfaceOrientationLandscapeRight";
				INFOPLIST_KEY_UISupportedInterfaceOrientations_iPhone = "UIInterfaceOrientationPortrait UIInterfaceOrientationLandscapeLeft UIInterfaceOrientationLandscapeRight";
				LD_RUNPATH_SEARCH_PATHS = (
					"$(inherited)",
					"@executable_path/Frameworks",
				);
				MARKETING_VERSION = 1.0;
				PRODUCT_BUNDLE_IDENTIFIER = com.keskin.RequiLi;
				PRODUCT_NAME = "$(TARGET_NAME)";
				SWIFT_EMIT_LOC_STRINGS = YES;
				SWIFT_VERSION = 5.0;
				TARGETED_DEVICE_FAMILY = "1,2";
			};
			name = Release;
		};
/* End XCBuildConfiguration section */

/* Begin XCConfigurationList section */
		63D3F755288A854600CF3F1B /* Build configuration list for PBXProject "RequiLi" */ = {
			isa = XCConfigurationList;
			buildConfigurations = (
				63D3F76F288A854700CF3F1B /* Debug */,
				63D3F770288A854700CF3F1B /* Release */,
			);
			defaultConfigurationIsVisible = 0;
			defaultConfigurationName = Release;
		};
		63D3F771288A854700CF3F1B /* Build configuration list for PBXNativeTarget "RequiLi" */ = {
			isa = XCConfigurationList;
			buildConfigurations = (
				63D3F772288A854700CF3F1B /* Debug */,
				63D3F773288A854700CF3F1B /* Release */,
			);
			defaultConfigurationIsVisible = 0;
			defaultConfigurationName = Release;
		};
/* End XCConfigurationList section */

/* Begin XCVersionGroup section */
		63D3F766288A854600CF3F1B /* RequiLi.xcdatamodeld */ = {
			isa = XCVersionGroup;
			children = (
				63D3F767288A854600CF3F1B /* RequiLi.xcdatamodel */,
			);
			currentVersion = 63D3F767288A854600CF3F1B /* RequiLi.xcdatamodel */;
			path = RequiLi.xcdatamodeld;
			sourceTree = "<group>";
			versionGroupType = wrapper.xcdatamodel;
		};
/* End XCVersionGroup section */
	};
	rootObject = 63D3F752288A854600CF3F1B /* Project object */;
}
